
Microsoft Visual Studio Solution File, Format Version 12.00
# Visual Studio Version 16
VisualStudioVersion = 16.0.30611.23
MinimumVisualStudioVersion = 10.0.40219.1
Project("{FAE04EC0-301F-11D3-BF4B-00C04F79EFBC}") = "RunFitness", "RunFitness\RunFitness.csproj", "{05881205-416A-4303-81A3-191E793AF1E8}"
EndProject
Global
	GlobalSection(SolutionConfigurationPlatforms) = preSolution
		Debug|Any CPU = Debug|Any CPU
		Release|Any CPU = Release|Any CPU
	EndGlobalSection
	GlobalSection(ProjectConfigurationPlatforms) = postSolution
		{05881205-416A-4303-81A3-191E793AF1E8}.Debug|Any CPU.ActiveCfg = Debug|Any CPU
		{05881205-416A-4303-81A3-191E793AF1E8}.Debug|Any CPU.Build.0 = Debug|Any CPU
		{05881205-416A-4303-81A3-191E793AF1E8}.Release|Any CPU.ActiveCfg = Release|Any CPU
		{05881205-416A-4303-81A3-191E793AF1E8}.Release|Any CPU.Build.0 = Release|Any CPU
	EndGlobalSection
	GlobalSection(SolutionProperties) = preSolution
		HideSolutionNode = FALSE
	EndGlobalSection
	GlobalSection(ExtensibilityGlobals) = postSolution
		SolutionGuid = {E8BD486F-028D-4A6D-B54F-BA619437BF6E}
	EndGlobalSection
EndGlobal
